
Microsoft Visual Studio Solution File, Format Version 12.00
# Visual Studio Version 16
VisualStudioVersion = 16.0.30114.105
MinimumVisualStudioVersion = 10.0.40219.1
Project("{2150E333-8FDC-42A3-9474-1A3956D46DE8}") = "domain", "domain", "{5BD06716-F858-4F5B-BD4D-0A7A1CA22F63}"
EndProject
Project("{9A19103F-16F7-4668-BE54-9A1E7A4F7556}") = "Store", "domain\Store\Store.csproj", "{CE160625-5A6D-4346-B557-D127D44AB950}"
EndProject
Project("{2150E333-8FDC-42A3-9474-1A3956D46DE8}") = "Infrastructure", "Infrastructure", "{3B540C43-EEB1-4338-BD27-6C844E1D2CAE}"
EndProject
Project("{FAE04EC0-301F-11D3-BF4B-00C04F79EFBC}") = "Store.Memory", "Infrastructure\Store.Memory\Store.Memory.csproj", "{D1E63160-9928-4F65-BC83-FCFF58218898}"
EndProject
Global
	GlobalSection(SolutionConfigurationPlatforms) = preSolution
		Debug|Any CPU = Debug|Any CPU
		Debug|x64 = Debug|x64
		Debug|x86 = Debug|x86
		Release|Any CPU = Release|Any CPU
		Release|x64 = Release|x64
		Release|x86 = Release|x86
	EndGlobalSection
	GlobalSection(ProjectConfigurationPlatforms) = postSolution
		{CE160625-5A6D-4346-B557-D127D44AB950}.Debug|Any CPU.ActiveCfg = Debug|Any CPU
		{CE160625-5A6D-4346-B557-D127D44AB950}.Debug|Any CPU.Build.0 = Debug|Any CPU
		{CE160625-5A6D-4346-B557-D127D44AB950}.Debug|x64.ActiveCfg = Debug|Any CPU
		{CE160625-5A6D-4346-B557-D127D44AB950}.Debug|x64.Build.0 = Debug|Any CPU
		{CE160625-5A6D-4346-B557-D127D44AB950}.Debug|x86.ActiveCfg = Debug|Any CPU
		{CE160625-5A6D-4346-B557-D127D44AB950}.Debug|x86.Build.0 = Debug|Any CPU
		{CE160625-5A6D-4346-B557-D127D44AB950}.Release|Any CPU.ActiveCfg = Release|Any CPU
		{CE160625-5A6D-4346-B557-D127D44AB950}.Release|Any CPU.Build.0 = Release|Any CPU
		{CE160625-5A6D-4346-B557-D127D44AB950}.Release|x64.ActiveCfg = Release|Any CPU
		{CE160625-5A6D-4346-B557-D127D44AB950}.Release|x64.Build.0 = Release|Any CPU
		{CE160625-5A6D-4346-B557-D127D44AB950}.Release|x86.ActiveCfg = Release|Any CPU
		{CE160625-5A6D-4346-B557-D127D44AB950}.Release|x86.Build.0 = Release|Any CPU
		{D1E63160-9928-4F65-BC83-FCFF58218898}.Debug|Any CPU.ActiveCfg = Debug|Any CPU
		{D1E63160-9928-4F65-BC83-FCFF58218898}.Debug|Any CPU.Build.0 = Debug|Any CPU
		{D1E63160-9928-4F65-BC83-FCFF58218898}.Debug|x64.ActiveCfg = Debug|Any CPU
		{D1E63160-9928-4F65-BC83-FCFF58218898}.Debug|x64.Build.0 = Debug|Any CPU
		{D1E63160-9928-4F65-BC83-FCFF58218898}.Debug|x86.ActiveCfg = Debug|Any CPU
		{D1E63160-9928-4F65-BC83-FCFF58218898}.Debug|x86.Build.0 = Debug|Any CPU
		{D1E63160-9928-4F65-BC83-FCFF58218898}.Release|Any CPU.ActiveCfg = Release|Any CPU
		{D1E63160-9928-4F65-BC83-FCFF58218898}.Release|Any CPU.Build.0 = Release|Any CPU
		{D1E63160-9928-4F65-BC83-FCFF58218898}.Release|x64.ActiveCfg = Release|Any CPU
		{D1E63160-9928-4F65-BC83-FCFF58218898}.Release|x64.Build.0 = Release|Any CPU
		{D1E63160-9928-4F65-BC83-FCFF58218898}.Release|x86.ActiveCfg = Release|Any CPU
		{D1E63160-9928-4F65-BC83-FCFF58218898}.Release|x86.Build.0 = Release|Any CPU
	EndGlobalSection
	GlobalSection(SolutionProperties) = preSolution
		HideSolutionNode = FALSE
	EndGlobalSection
	GlobalSection(NestedProjects) = preSolution
		{CE160625-5A6D-4346-B557-D127D44AB950} = {5BD06716-F858-4F5B-BD4D-0A7A1CA22F63}
		{D1E63160-9928-4F65-BC83-FCFF58218898} = {3B540C43-EEB1-4338-BD27-6C844E1D2CAE}
	EndGlobalSection
	GlobalSection(ExtensibilityGlobals) = postSolution
		SolutionGuid = {756C434B-E29D-403F-AE86-B6E7CBBF8018}
	EndGlobalSection
EndGlobal
